
Microsoft Visual Studio Solution File, Format Version 12.00
# Visual Studio 15
VisualStudioVersion = 15.0.26124.0
MinimumVisualStudioVersion = 15.0.26124.0
Project("{2150E333-8FDC-42A3-9474-1A3956D46DE8}") = "Source", "Source", "{A4B99E34-3039-44EA-912E-F3A237062E29}"
EndProject
Project("{2150E333-8FDC-42A3-9474-1A3956D46DE8}") = "Tests", "Tests", "{490DFE04-E34A-474F-96F6-9ABE4EE42033}"
EndProject
Project("{FAE04EC0-301F-11D3-BF4B-00C04F79EFBC}") = "Host", "Source\Host\Host.csproj", "{13446451-3653-4A71-A32C-8FB625A7F001}"
EndProject
Project("{FAE04EC0-301F-11D3-BF4B-00C04F79EFBC}") = "Application", "Source\Application\Application.csproj", "{4B66AA3C-B874-435F-BF2B-C0AC0005AA97}"
EndProject
Project("{FAE04EC0-301F-11D3-BF4B-00C04F79EFBC}") = "Test.Level0.Application", "Source\Tests\Test.Level0.Application\Test.Level0.Application.csproj", "{1A7371D0-A5EE-44B4-8111-CF9C699E2A03}"
EndProject
Project("{FAE04EC0-301F-11D3-BF4B-00C04F79EFBC}") = "Test.Level0.Host", "Source\Tests\Test.Level0.Host\Test.Level0.Host.csproj", "{A27B4F38-52B1-40D5-A943-46C15AB26147}"
EndProject
Global
	GlobalSection(SolutionConfigurationPlatforms) = preSolution
		Debug|Any CPU = Debug|Any CPU
		Debug|x64 = Debug|x64
		Debug|x86 = Debug|x86
		Release|Any CPU = Release|Any CPU
		Release|x64 = Release|x64
		Release|x86 = Release|x86
	EndGlobalSection
	GlobalSection(ProjectConfigurationPlatforms) = postSolution
		{13446451-3653-4A71-A32C-8FB625A7F001}.Debug|Any CPU.ActiveCfg = Debug|Any CPU
		{13446451-3653-4A71-A32C-8FB625A7F001}.Debug|Any CPU.Build.0 = Debug|Any CPU
		{13446451-3653-4A71-A32C-8FB625A7F001}.Debug|x64.ActiveCfg = Debug|Any CPU
		{13446451-3653-4A71-A32C-8FB625A7F001}.Debug|x64.Build.0 = Debug|Any CPU
		{13446451-3653-4A71-A32C-8FB625A7F001}.Debug|x86.ActiveCfg = Debug|Any CPU
		{13446451-3653-4A71-A32C-8FB625A7F001}.Debug|x86.Build.0 = Debug|Any CPU
		{13446451-3653-4A71-A32C-8FB625A7F001}.Release|Any CPU.ActiveCfg = Release|Any CPU
		{13446451-3653-4A71-A32C-8FB625A7F001}.Release|Any CPU.Build.0 = Release|Any CPU
		{13446451-3653-4A71-A32C-8FB625A7F001}.Release|x64.ActiveCfg = Release|Any CPU
		{13446451-3653-4A71-A32C-8FB625A7F001}.Release|x64.Build.0 = Release|Any CPU
		{13446451-3653-4A71-A32C-8FB625A7F001}.Release|x86.ActiveCfg = Release|Any CPU
		{13446451-3653-4A71-A32C-8FB625A7F001}.Release|x86.Build.0 = Release|Any CPU
		{4B66AA3C-B874-435F-BF2B-C0AC0005AA97}.Debug|Any CPU.ActiveCfg = Debug|Any CPU
		{4B66AA3C-B874-435F-BF2B-C0AC0005AA97}.Debug|Any CPU.Build.0 = Debug|Any CPU
		{4B66AA3C-B874-435F-BF2B-C0AC0005AA97}.Debug|x64.ActiveCfg = Debug|Any CPU
		{4B66AA3C-B874-435F-BF2B-C0AC0005AA97}.Debug|x64.Build.0 = Debug|Any CPU
		{4B66AA3C-B874-435F-BF2B-C0AC0005AA97}.Debug|x86.ActiveCfg = Debug|Any CPU
		{4B66AA3C-B874-435F-BF2B-C0AC0005AA97}.Debug|x86.Build.0 = Debug|Any CPU
		{4B66AA3C-B874-435F-BF2B-C0AC0005AA97}.Release|Any CPU.ActiveCfg = Release|Any CPU
		{4B66AA3C-B874-435F-BF2B-C0AC0005AA97}.Release|Any CPU.Build.0 = Release|Any CPU
		{4B66AA3C-B874-435F-BF2B-C0AC0005AA97}.Release|x64.ActiveCfg = Release|Any CPU
		{4B66AA3C-B874-435F-BF2B-C0AC0005AA97}.Release|x64.Build.0 = Release|Any CPU
		{4B66AA3C-B874-435F-BF2B-C0AC0005AA97}.Release|x86.ActiveCfg = Release|Any CPU
		{4B66AA3C-B874-435F-BF2B-C0AC0005AA97}.Release|x86.Build.0 = Release|Any CPU
		{1A7371D0-A5EE-44B4-8111-CF9C699E2A03}.Debug|Any CPU.ActiveCfg = Debug|Any CPU
		{1A7371D0-A5EE-44B4-8111-CF9C699E2A03}.Debug|Any CPU.Build.0 = Debug|Any CPU
		{1A7371D0-A5EE-44B4-8111-CF9C699E2A03}.Debug|x64.ActiveCfg = Debug|Any CPU
		{1A7371D0-A5EE-44B4-8111-CF9C699E2A03}.Debug|x64.Build.0 = Debug|Any CPU
		{1A7371D0-A5EE-44B4-8111-CF9C699E2A03}.Debug|x86.ActiveCfg = Debug|Any CPU
		{1A7371D0-A5EE-44B4-8111-CF9C699E2A03}.Debug|x86.Build.0 = Debug|Any CPU
		{1A7371D0-A5EE-44B4-8111-CF9C699E2A03}.Release|Any CPU.ActiveCfg = Release|Any CPU
		{1A7371D0-A5EE-44B4-8111-CF9C699E2A03}.Release|Any CPU.Build.0 = Release|Any CPU
		{1A7371D0-A5EE-44B4-8111-CF9C699E2A03}.Release|x64.ActiveCfg = Release|Any CPU
		{1A7371D0-A5EE-44B4-8111-CF9C699E2A03}.Release|x64.Build.0 = Release|Any CPU
		{1A7371D0-A5EE-44B4-8111-CF9C699E2A03}.Release|x86.ActiveCfg = Release|Any CPU
		{1A7371D0-A5EE-44B4-8111-CF9C699E2A03}.Release|x86.Build.0 = Release|Any CPU
		{A27B4F38-52B1-40D5-A943-46C15AB26147}.Debug|Any CPU.ActiveCfg = Debug|Any CPU
		{A27B4F38-52B1-40D5-A943-46C15AB26147}.Debug|Any CPU.Build.0 = Debug|Any CPU
		{A27B4F38-52B1-40D5-A943-46C15AB26147}.Debug|x64.ActiveCfg = Debug|Any CPU
		{A27B4F38-52B1-40D5-A943-46C15AB26147}.Debug|x64.Build.0 = Debug|Any CPU
		{A27B4F38-52B1-40D5-A943-46C15AB26147}.Debug|x86.ActiveCfg = Debug|Any CPU
		{A27B4F38-52B1-40D5-A943-46C15AB26147}.Debug|x86.Build.0 = Debug|Any CPU
		{A27B4F38-52B1-40D5-A943-46C15AB26147}.Release|Any CPU.ActiveCfg = Release|Any CPU
		{A27B4F38-52B1-40D5-A943-46C15AB26147}.Release|Any CPU.Build.0 = Release|Any CPU
		{A27B4F38-52B1-40D5-A943-46C15AB26147}.Release|x64.ActiveCfg = Release|Any CPU
		{A27B4F38-52B1-40D5-A943-46C15AB26147}.Release|x64.Build.0 = Release|Any CPU
		{A27B4F38-52B1-40D5-A943-46C15AB26147}.Release|x86.ActiveCfg = Release|Any CPU
		{A27B4F38-52B1-40D5-A943-46C15AB26147}.Release|x86.Build.0 = Release|Any CPU
	EndGlobalSection
	GlobalSection(SolutionProperties) = preSolution
		HideSolutionNode = FALSE
	EndGlobalSection
	GlobalSection(NestedProjects) = preSolution
		{490DFE04-E34A-474F-96F6-9ABE4EE42033} = {A4B99E34-3039-44EA-912E-F3A237062E29}
		{13446451-3653-4A71-A32C-8FB625A7F001} = {A4B99E34-3039-44EA-912E-F3A237062E29}
		{4B66AA3C-B874-435F-BF2B-C0AC0005AA97} = {A4B99E34-3039-44EA-912E-F3A237062E29}
		{1A7371D0-A5EE-44B4-8111-CF9C699E2A03} = {490DFE04-E34A-474F-96F6-9ABE4EE42033}
		{A27B4F38-52B1-40D5-A943-46C15AB26147} = {490DFE04-E34A-474F-96F6-9ABE4EE42033}
	EndGlobalSection
EndGlobal
